#MicroXplorer Configuration settings - do not modify
Mcu.Family=STM32F0
ProjectManager.MainLocation=Core/Src
RCC.MCOFreq_Value=48000000
I2C2.IPParameters=Timing
RCC.USART1Freq_Value=48000000
ProjectManager.KeepUserCode=true
Mcu.UserName=STM32F072C8Tx
PB10.Mode=I2C
RCC.PLLCLKFreq_Value=48000000
I2C2.Timing=0x20303E5D
PA0.GPIO_Label=IIN
ProjectManager.functionlistsort=1-MX_GPIO_Init-GPIO-false-HAL-true,2-SystemClock_Config-RCC-false-HAL-false,3-MX_ADC_Init-ADC-false-HAL-true,4-MX_I2C1_Init-I2C1-false-HAL-true,5-MX_I2C2_Init-I2C2-false-HAL-true,6-MX_TIM2_Init-TIM2-false-HAL-true,7-MX_USB_PCD_Init-USB-false-HAL-true
PA11.Mode=Device
PA3.GPIOParameters=GPIO_Label
PB6.GPIO_Label=OLED_SCL
FREERTOS.configTICK_RATE_HZ=100
RCC.USART2Freq_Value=48000000
NVIC.SVC_IRQn=true\:0\:0\:false\:false\:false\:false\:false\:false
TIM2.Channel-PWM\ Generation2\ CH2=TIM_CHANNEL_2
PB11.Signal=I2C2_SDA
PA2.GPIOParameters=GPIO_Label
PinOutPanel.RotationAngle=0
RCC.SYSCLKSource=RCC_SYSCLKSOURCE_PLLCLK
ProjectManager.StackSize=0x400
VP_FREERTOS_VS_CMSIS_V2.Mode=CMSIS_V2
Mcu.IP4=NVIC
Mcu.IP5=RCC
RCC.FCLKCortexFreq_Value=48000000
Mcu.IP2=I2C1
Mcu.IP3=I2C2
Mcu.IP0=ADC
Mcu.IP1=FREERTOS
PA12.Signal=USB_DP
Mcu.UserConstants=
Mcu.ThirdPartyNb=0
RCC.HCLKFreq_Value=48000000
Mcu.IPNb=9
TIM2.IPParameters=Channel-PWM Generation2 CH2,Period
ProjectManager.PreviousToolchain=
PB6.Signal=I2C1_SCL
PB6.Mode=I2C
Mcu.Pin6=PB10
Mcu.Pin7=PB11
Mcu.Pin8=PB12
Mcu.Pin9=PA11
FREERTOS.IPParameters=Tasks01,configTICK_RATE_HZ,configTOTAL_HEAP_SIZE,configUSE_TRACE_FACILITY,FootprintOK,INCLUDE_uxTaskPriorityGet,INCLUDE_vTaskDelete,INCLUDE_vTaskDelayUntil,INCLUDE_eTaskGetState,INCLUDE_uxTaskGetStackHighWaterMark,INCLUDE_xQueueGetMutexHolder
RCC.AHBFreq_Value=48000000
Mcu.Pin0=PA0
Mcu.Pin1=PA1
GPIO.groupedBy=Group By Peripherals
Mcu.Pin2=PA2
Mcu.Pin3=PA3
Mcu.Pin4=PA4
Mcu.Pin5=PA5
ProjectManager.ProjectBuild=false
PA0.Locked=true
PA4.Locked=true
NVIC.SysTick_IRQn=true\:3\:0\:false\:false\:false\:true\:false\:true
PB12.GPIO_Label=INT_N
ProjectManager.FirmwarePackage=STM32Cube FW_F0 V1.11.2
MxDb.Version=DB.6.0.10
PA1.GPIOParameters=GPIO_Label
ProjectManager.BackupPrevious=false
FREERTOS.INCLUDE_xQueueGetMutexHolder=0
PA14.Mode=Serial_Wire
VP_SYS_VS_tim1.Mode=TIM1
File.Version=6
PA0.Mode=IN0
PB3.GPIOParameters=GPIO_Label
PB7.Signal=I2C1_SDA
PB6.Locked=true
NVIC.PendSV_IRQn=true\:3\:0\:false\:false\:false\:true\:false\:false
PB6.GPIOParameters=GPIO_Label
ProjectManager.HalAssertFull=false
FREERTOS.configTOTAL_HEAP_SIZE=10240
ProjectManager.ProjectName=otter-fw
PA0.Signal=ADC_IN0
RCC.PLLMCOFreq_Value=48000000
PB7.GPIO_Label=OLED_SDA
Mcu.Package=LQFP48
PA5.Locked=true
NVIC.TimeBase=TIM1_BRK_UP_TRG_COM_IRQn
PA14.Locked=true
ProjectManager.ToolChainLocation=
PA2.GPIO_Label=UIN
NVIC.TimeBaseIP=TIM1
FREERTOS.FootprintOK=true
PA5.GPIOParameters=GPIO_Label
RCC.CECFreq_Value=32786.88524590164
RCC.APB1TimFreq_Value=48000000
TIM2.IPParametersWithoutCheck=Period
PB10.GPIOParameters=GPIO_Label
PA4.GPIO_Label=B2
ProjectManager.CustomerFirmwarePackage=
PB3.Locked=true
PA3.Signal=GPIO_Input
PA5.Mode=IN5
PA2.Locked=true
PB3.GPIO_Label=PWMOUT
RCC.PLLSourceVirtual=RCC_PLLSOURCE_HSI48
RCC.I2SFreq_Value=48000000
ProjectManager.ProjectFileName=otter-fw.ioc
FREERTOS.Tasks01=GUITask,24,512,StartGUI,Default,NULL,Dynamic,NULL,NULL;PIDTask,8,256,StartPID,Default,NULL,Dynamic,NULL,NULL
Mcu.PinsNb=18
ProjectManager.NoMain=false
NVIC.SavedSvcallIrqHandlerGenerated=true
FREERTOS.INCLUDE_vTaskDelayUntil=0
PB11.GPIO_Label=STUSB_SDA
ProjectManager.DefaultFWLocation=true
PB12.Locked=true
ProjectManager.DeletePrevious=true
PB10.Locked=true
RCC.FamilyName=M
FREERTOS.INCLUDE_uxTaskGetStackHighWaterMark=0
PA13.Signal=SYS_SWDIO
FREERTOS.INCLUDE_vTaskDelete=0
SH.S_TIM2_CH2.0=TIM2_CH2,PWM Generation2 CH2
PA11.Locked=true
PB11.Mode=I2C
ProjectManager.TargetToolchain=Makefile
PB10.GPIO_Label=STUSB_SCL
FREERTOS.configUSE_TRACE_FACILITY=0
PB7.GPIOParameters=GPIO_Label
SH.S_TIM2_CH2.ConfNb=1
PB11.GPIOParameters=GPIO_Label
RCC.PLLDivider=RCC_PREDIV_DIV2
ProjectManager.RegisterCallBack=
PA1.Signal=ADC_IN1
PB10.Signal=I2C2_SCL
PA5.Signal=ADC_IN5
board=custom
ProjectManager.LastFirmware=true
FREERTOS.INCLUDE_eTaskGetState=0
RCC.VCOOutput2Freq_Value=24000000
NVIC.SavedSystickIrqHandlerGenerated=true
PA1.Mode=IN1
MxCube.Version=6.1.1
VP_SYS_VS_tim1.Signal=SYS_VS_tim1
PA1.GPIO_Label=TTIP
NVIC.NonMaskableInt_IRQn=true\:0\:0\:false\:false\:true\:false\:false\:false
PA4.GPIOParameters=GPIO_Label
TIM2.Period=0
FREERTOS.INCLUDE_uxTaskPriorityGet=1
PA13.Mode=Serial_Wire
ProjectManager.FreePins=true
RCC.IPParameters=AHBFreq_Value,APB1Freq_Value,APB1TimFreq_Value,CECFreq_Value,FCLKCortexFreq_Value,FamilyName,HCLKFreq_Value,HSICECFreq_Value,I2SFreq_Value,MCOFreq_Value,PLLCLKFreq_Value,PLLDivider,PLLMCOFreq_Value,PLLSourceVirtual,SYSCLKFreq_VALUE,SYSCLKSource,TimSysFreq_Value,USART1Freq_Value,USART2Freq_Value,VCOOutput2Freq_Value
ProjectManager.AskForMigrate=true
Mcu.Name=STM32F072C(8-B)Tx
NVIC.SavedPendsvIrqHandlerGenerated=true
PA2.Signal=ADC_IN2
ProjectManager.UnderRoot=false
Mcu.IP8=USB
VP_FREERTOS_VS_CMSIS_V2.Signal=FREERTOS_VS_CMSIS_V2
RCC.HSICECFreq_Value=32786.88524590164
Mcu.IP6=SYS
Mcu.IP7=TIM2
ProjectManager.CoupleFile=false
PB3.Signal=S_TIM2_CH2
PA4.Signal=GPIO_Input
RCC.SYSCLKFreq_VALUE=48000000
RCC.TimSysFreq_Value=48000000
PA1.Locked=true
PA3.Locked=true
PA12.Mode=Device
PA5.GPIO_Label=TREF
NVIC.ForceEnableDMAVector=true
KeepUserPlacement=true
ProjectManager.CompilerOptimize=6
PA11.Signal=USB_DM
PB7.Mode=I2C
PA14.Signal=SYS_SWCLK
ProjectManager.HeapSize=0x200
PA0.GPIOParameters=GPIO_Label
Mcu.Pin15=PB7
NVIC.HardFault_IRQn=true\:0\:0\:false\:false\:true\:false\:false\:false
Mcu.Pin16=VP_FREERTOS_VS_CMSIS_V2
Mcu.Pin13=PB3
Mcu.Pin14=PB6
ProjectManager.ComputerToolchain=false
Mcu.Pin17=VP_SYS_VS_tim1
Mcu.Pin11=PA13
Mcu.Pin12=PA14
Mcu.Pin10=PA12
PB7.Locked=true
PA2.Mode=IN2
RCC.APB1Freq_Value=48000000
NVIC.TIM1_BRK_UP_TRG_COM_IRQn=true\:0\:0\:false\:false\:true\:false\:false\:true
ProjectManager.DeviceId=STM32F072C8Tx
PB12.GPIOParameters=GPIO_Label
PB12.Signal=GPIO_Input
ProjectManager.LibraryCopy=1
PA3.GPIO_Label=B1
